
Microsoft Visual Studio Solution File, Format Version 12.00
# Visual Studio Version 16
VisualStudioVersion = 16.0.30907.101
MinimumVisualStudioVersion = 10.0.40219.1
Project("{9A19103F-16F7-4668-BE54-9A1E7A4F7556}") = "StreamRecorder", "StreamRecorder\StreamRecorder.csproj", "{B2DAF972-B805-4B9A-8FA9-042D309D64F5}"
EndProject
Project("{9A19103F-16F7-4668-BE54-9A1E7A4F7556}") = "ShowTimer", "ShowTimer\ShowTimer.csproj", "{185DA01B-C1ED-4F99-A0C3-EDEDE8B9FEF4}"
EndProject
Project("{9A19103F-16F7-4668-BE54-9A1E7A4F7556}") = "StreamRecorderLib", "StreamRecorderLib\StreamRecorderLib.csproj", "{F42F94FE-7739-4AB2-B40A-D4365C68343B}"
EndProject
Project("{9A19103F-16F7-4668-BE54-9A1E7A4F7556}") = "StreamRecorder.Logging", "StreamRecorder.Logging\StreamRecorder.Logging.csproj", "{F466E612-8B4E-4A1A-8212-68A07DABD7BD}"
EndProject
Project("{9A19103F-16F7-4668-BE54-9A1E7A4F7556}") = "StreamRecorder.Converter", "StreamRecorder.Converter\StreamRecorder.Converter.csproj", "{19FB9860-95D7-4C19-8755-435B5C40873A}"
EndProject
Project("{9A19103F-16F7-4668-BE54-9A1E7A4F7556}") = "StreamRecorder.Tests", "StreamRecorder.Tests\StreamRecorder.Tests.csproj", "{FB4D7CBD-7CCB-4A7F-AD4E-6659D096430E}"
EndProject
Global
	GlobalSection(SolutionConfigurationPlatforms) = preSolution
		Debug|Any CPU = Debug|Any CPU
		Release|Any CPU = Release|Any CPU
	EndGlobalSection
	GlobalSection(ProjectConfigurationPlatforms) = postSolution
		{B2DAF972-B805-4B9A-8FA9-042D309D64F5}.Debug|Any CPU.ActiveCfg = Debug|Any CPU
		{B2DAF972-B805-4B9A-8FA9-042D309D64F5}.Debug|Any CPU.Build.0 = Debug|Any CPU
		{B2DAF972-B805-4B9A-8FA9-042D309D64F5}.Release|Any CPU.ActiveCfg = Release|Any CPU
		{B2DAF972-B805-4B9A-8FA9-042D309D64F5}.Release|Any CPU.Build.0 = Release|Any CPU
		{185DA01B-C1ED-4F99-A0C3-EDEDE8B9FEF4}.Debug|Any CPU.ActiveCfg = Debug|Any CPU
		{185DA01B-C1ED-4F99-A0C3-EDEDE8B9FEF4}.Debug|Any CPU.Build.0 = Debug|Any CPU
		{185DA01B-C1ED-4F99-A0C3-EDEDE8B9FEF4}.Release|Any CPU.ActiveCfg = Release|Any CPU
		{185DA01B-C1ED-4F99-A0C3-EDEDE8B9FEF4}.Release|Any CPU.Build.0 = Release|Any CPU
		{F42F94FE-7739-4AB2-B40A-D4365C68343B}.Debug|Any CPU.ActiveCfg = Debug|Any CPU
		{F42F94FE-7739-4AB2-B40A-D4365C68343B}.Debug|Any CPU.Build.0 = Debug|Any CPU
		{F42F94FE-7739-4AB2-B40A-D4365C68343B}.Release|Any CPU.ActiveCfg = Release|Any CPU
		{F42F94FE-7739-4AB2-B40A-D4365C68343B}.Release|Any CPU.Build.0 = Release|Any CPU
		{F466E612-8B4E-4A1A-8212-68A07DABD7BD}.Debug|Any CPU.ActiveCfg = Debug|Any CPU
		{F466E612-8B4E-4A1A-8212-68A07DABD7BD}.Debug|Any CPU.Build.0 = Debug|Any CPU
		{F466E612-8B4E-4A1A-8212-68A07DABD7BD}.Release|Any CPU.ActiveCfg = Release|Any CPU
		{F466E612-8B4E-4A1A-8212-68A07DABD7BD}.Release|Any CPU.Build.0 = Release|Any CPU
		{19FB9860-95D7-4C19-8755-435B5C40873A}.Debug|Any CPU.ActiveCfg = Debug|Any CPU
		{19FB9860-95D7-4C19-8755-435B5C40873A}.Debug|Any CPU.Build.0 = Debug|Any CPU
		{19FB9860-95D7-4C19-8755-435B5C40873A}.Release|Any CPU.ActiveCfg = Release|Any CPU
		{19FB9860-95D7-4C19-8755-435B5C40873A}.Release|Any CPU.Build.0 = Release|Any CPU
		{FB4D7CBD-7CCB-4A7F-AD4E-6659D096430E}.Debug|Any CPU.ActiveCfg = Debug|Any CPU
		{FB4D7CBD-7CCB-4A7F-AD4E-6659D096430E}.Debug|Any CPU.Build.0 = Debug|Any CPU
		{FB4D7CBD-7CCB-4A7F-AD4E-6659D096430E}.Release|Any CPU.ActiveCfg = Release|Any CPU
		{FB4D7CBD-7CCB-4A7F-AD4E-6659D096430E}.Release|Any CPU.Build.0 = Release|Any CPU
	EndGlobalSection
	GlobalSection(SolutionProperties) = preSolution
		HideSolutionNode = FALSE
	EndGlobalSection
	GlobalSection(ExtensibilityGlobals) = postSolution
		SolutionGuid = {59C3116E-51D8-4598-98D1-01021F672B11}
	EndGlobalSection
EndGlobal
